Microsoft Visual Studio Solution File, Format Version 12.00
# Visual Studio Version 16
VisualStudioVersion = 16.0.0.0
MinimumVisualStudioVersion = 16.0.0.0
Project("{9A19103F-16F7-4668-BE54-9A1E7A4F7556}") = "Application.Server", "Server\Application.Server.csproj", "{8596FE59-A8AB-4949-B2D0-7983273D0D6A}"
EndProject
Project("{9A19103F-16F7-4668-BE54-9A1E7A4F7556}") = "Application.Client", "Client\Application.Client.csproj", "{EB0BE8E5-1FAB-4A06-BCC1-091D06CC54FC}"
EndProject
Project("{9A19103F-16F7-4668-BE54-9A1E7A4F7556}") = "Application.Shared", "Shared\Application.Shared.csproj", "{9EAA5E66-6117-40FC-9415-D766012E39A9}"
EndProject
Global
	GlobalSection(SolutionConfigurationPlatforms) = preSolution
		Debug|Any CPU = Debug|Any CPU
		Debug|x64 = Debug|x64
		Debug|x86 = Debug|x86
		Release|Any CPU = Release|Any CPU
		Release|x64 = Release|x64
		Release|x86 = Release|x86
	EndGlobalSection
	GlobalSection(ProjectConfigurationPlatforms) = postSolution
		{EB0BE8E5-1FAB-4A06-BCC1-091D06CC54FC}.Debug|Any CPU.ActiveCfg = Debug|Any CPU
		{EB0BE8E5-1FAB-4A06-BCC1-091D06CC54FC}.Debug|Any CPU.Build.0 = Debug|Any CPU
		{EB0BE8E5-1FAB-4A06-BCC1-091D06CC54FC}.Debug|x64.ActiveCfg = Debug|Any CPU
		{EB0BE8E5-1FAB-4A06-BCC1-091D06CC54FC}.Debug|x64.Build.0 = Debug|Any CPU
		{EB0BE8E5-1FAB-4A06-BCC1-091D06CC54FC}.Debug|x86.ActiveCfg = Debug|Any CPU
		{EB0BE8E5-1FAB-4A06-BCC1-091D06CC54FC}.Debug|x86.Build.0 = Debug|Any CPU
		{EB0BE8E5-1FAB-4A06-BCC1-091D06CC54FC}.Release|Any CPU.ActiveCfg = Release|Any CPU
		{EB0BE8E5-1FAB-4A06-BCC1-091D06CC54FC}.Release|Any CPU.Build.0 = Release|Any CPU
		{EB0BE8E5-1FAB-4A06-BCC1-091D06CC54FC}.Release|x64.ActiveCfg = Release|Any CPU
		{EB0BE8E5-1FAB-4A06-BCC1-091D06CC54FC}.Release|x64.Build.0 = Release|Any CPU
		{EB0BE8E5-1FAB-4A06-BCC1-091D06CC54FC}.Release|x86.ActiveCfg = Release|Any CPU
		{EB0BE8E5-1FAB-4A06-BCC1-091D06CC54FC}.Release|x86.Build.0 = Release|Any CPU
		{8596FE59-A8AB-4949-B2D0-7983273D0D6A}.Debug|Any CPU.ActiveCfg = Debug|Any CPU
		{8596FE59-A8AB-4949-B2D0-7983273D0D6A}.Debug|Any CPU.Build.0 = Debug|Any CPU
		{8596FE59-A8AB-4949-B2D0-7983273D0D6A}.Debug|x64.ActiveCfg = Debug|Any CPU
		{8596FE59-A8AB-4949-B2D0-7983273D0D6A}.Debug|x64.Build.0 = Debug|Any CPU
		{8596FE59-A8AB-4949-B2D0-7983273D0D6A}.Debug|x86.ActiveCfg = Debug|Any CPU
		{8596FE59-A8AB-4949-B2D0-7983273D0D6A}.Debug|x86.Build.0 = Debug|Any CPU
		{8596FE59-A8AB-4949-B2D0-7983273D0D6A}.Release|Any CPU.ActiveCfg = Release|Any CPU
		{8596FE59-A8AB-4949-B2D0-7983273D0D6A}.Release|Any CPU.Build.0 = Release|Any CPU
		{8596FE59-A8AB-4949-B2D0-7983273D0D6A}.Release|x64.ActiveCfg = Release|Any CPU
		{8596FE59-A8AB-4949-B2D0-7983273D0D6A}.Release|x64.Build.0 = Release|Any CPU
		{8596FE59-A8AB-4949-B2D0-7983273D0D6A}.Release|x86.ActiveCfg = Release|Any CPU
		{8596FE59-A8AB-4949-B2D0-7983273D0D6A}.Release|x86.Build.0 = Release|Any CPU
		{9EAA5E66-6117-40FC-9415-D766012E39A9}.Debug|Any CPU.ActiveCfg = Debug|Any CPU
		{9EAA5E66-6117-40FC-9415-D766012E39A9}.Debug|Any CPU.Build.0 = Debug|Any CPU
		{9EAA5E66-6117-40FC-9415-D766012E39A9}.Debug|x64.ActiveCfg = Debug|Any CPU
		{9EAA5E66-6117-40FC-9415-D766012E39A9}.Debug|x64.Build.0 = Debug|Any CPU
		{9EAA5E66-6117-40FC-9415-D766012E39A9}.Debug|x86.ActiveCfg = Debug|Any CPU
		{9EAA5E66-6117-40FC-9415-D766012E39A9}.Debug|x86.Build.0 = Debug|Any CPU
		{9EAA5E66-6117-40FC-9415-D766012E39A9}.Release|Any CPU.ActiveCfg = Release|Any CPU
		{9EAA5E66-6117-40FC-9415-D766012E39A9}.Release|Any CPU.Build.0 = Release|Any CPU
		{9EAA5E66-6117-40FC-9415-D766012E39A9}.Release|x64.ActiveCfg = Release|Any CPU
		{9EAA5E66-6117-40FC-9415-D766012E39A9}.Release|x64.Build.0 = Release|Any CPU
		{9EAA5E66-6117-40FC-9415-D766012E39A9}.Release|x86.ActiveCfg = Release|Any CPU
		{9EAA5E66-6117-40FC-9415-D766012E39A9}.Release|x86.Build.0 = Release|Any CPU
	EndGlobalSection
	GlobalSection(SolutionProperties) = preSolution
		HideSolutionNode = FALSE
	EndGlobalSection
	GlobalSection(ExtensibilityGlobals) = postSolution
		SolutionGuid = {4C6C2FF6-8404-4C90-87B8-B3C663B9CE6F}
	EndGlobalSection
EndGlobal
